
Microsoft Visual Studio Solution File, Format Version 12.00
# Visual Studio 15
VisualStudioVersion = 15.0.27428.2015
MinimumVisualStudioVersion = 10.0.40219.1
Project("{FAE04EC0-301F-11D3-BF4B-00C04F79EFBC}") = "Zelik", "Zelik\Zelik.csproj", "{5427EA08-2DA8-46FC-AD65-0D20E9DFECB6}"
EndProject
Global
	GlobalSection(SolutionConfigurationPlatforms) = preSolution
		Debug|Any CPU = Debug|Any CPU
		Release|Any CPU = Release|Any CPU
	EndGlobalSection
	GlobalSection(ProjectConfigurationPlatforms) = postSolution
		{5427EA08-2DA8-46FC-AD65-0D20E9DFECB6}.Debug|Any CPU.ActiveCfg = Debug|Any CPU
		{5427EA08-2DA8-46FC-AD65-0D20E9DFECB6}.Debug|Any CPU.Build.0 = Debug|Any CPU
		{5427EA08-2DA8-46FC-AD65-0D20E9DFECB6}.Release|Any CPU.ActiveCfg = Release|Any CPU
		{5427EA08-2DA8-46FC-AD65-0D20E9DFECB6}.Release|Any CPU.Build.0 = Release|Any CPU
	EndGlobalSection
	GlobalSection(SolutionProperties) = preSolution
		HideSolutionNode = FALSE
	EndGlobalSection
	GlobalSection(ExtensibilityGlobals) = postSolution
		SolutionGuid = {1CBA8B3D-0615-4D71-99AF-C50AE0A04A42}
	EndGlobalSection
EndGlobal
